{
  "name": "inter",
  "version": "1.0.0",
  "lockfileVersion": 3,
  "requires": true,
  "packages": {
    "": {
      "name": "inter",
      "version": "1.0.0",
      "license": "ISC",
      "dependencies": {
        "async": "^3.2.4",
        "symbol": "^0.3.1"
      },
      "devDependencies": {}
    },
    "node_modules/async": {
      "version": "3.2.4",
      "resolved": "https://registry.npmjs.org/async/-/async-3.2.4.tgz",
      "integrity": "sha512-iAB+JbDEGXhyIUavoDl9WP/Jj106Kz9DEn1DPgYw5ruDn0e3Wgi3sKFm55sASdGBNOQB8F59d9qQ7deqrHA8wQ=="
    },
    "node_modules/symbol": {
      "version": "0.3.1",
      "resolved": "https://registry.npmjs.org/symbol/-/symbol-0.3.1.tgz",
      "integrity": "sha512-SxMrE6uv9zhnBmTCpZna1u0TcZix1k2QASZ/DpF13rAo+0Ts40faFYsMTuAirgvbbjHw1byhJ949/fP20XzVZA=="
    }
  }
}
